
Microsoft Visual Studio Solution File, Format Version 12.00
# Visual Studio 15
VisualStudioVersion = 15.0.27428.2027
MinimumVisualStudioVersion = 10.0.40219.1
Project("{FAE04EC0-301F-11D3-BF4B-00C04F79EFBC}") = "Password Manager Client", "Password Manager Client.csproj", "{0449395B-D87E-48F9-B7FA-09DA921066A5}"
EndProject
Project("{FAE04EC0-301F-11D3-BF4B-00C04F79EFBC}") = "Password Manager Server", "..\Password Manager Server\Password Manager Server.csproj", "{2D30C184-0B09-4828-866B-3FFBE1AA36A4}"
EndProject
Project("{FAE04EC0-301F-11D3-BF4B-00C04F79EFBC}") = "Shared", "..\Shared\Shared.csproj", "{ED004C04-1D73-4C97-B74A-85BB60C77C3C}"
EndProject
Project("{FAE04EC0-301F-11D3-BF4B-00C04F79EFBC}") = "Networking", "..\Networking\Networking.csproj", "{8CEFD4B5-F877-482F-9DD8-3EA720B6E06A}"
EndProject
Global
	GlobalSection(SolutionConfigurationPlatforms) = preSolution
		Debug|Any CPU = Debug|Any CPU
		Release|Any CPU = Release|Any CPU
	EndGlobalSection
	GlobalSection(ProjectConfigurationPlatforms) = postSolution
		{0449395B-D87E-48F9-B7FA-09DA921066A5}.Debug|Any CPU.ActiveCfg = Debug|Any CPU
		{0449395B-D87E-48F9-B7FA-09DA921066A5}.Debug|Any CPU.Build.0 = Debug|Any CPU
		{0449395B-D87E-48F9-B7FA-09DA921066A5}.Release|Any CPU.ActiveCfg = Release|Any CPU
		{0449395B-D87E-48F9-B7FA-09DA921066A5}.Release|Any CPU.Build.0 = Release|Any CPU
		{2D30C184-0B09-4828-866B-3FFBE1AA36A4}.Debug|Any CPU.ActiveCfg = Debug|Any CPU
		{2D30C184-0B09-4828-866B-3FFBE1AA36A4}.Debug|Any CPU.Build.0 = Debug|Any CPU
		{2D30C184-0B09-4828-866B-3FFBE1AA36A4}.Release|Any CPU.ActiveCfg = Release|Any CPU
		{2D30C184-0B09-4828-866B-3FFBE1AA36A4}.Release|Any CPU.Build.0 = Release|Any CPU
		{ED004C04-1D73-4C97-B74A-85BB60C77C3C}.Debug|Any CPU.ActiveCfg = Debug|Any CPU
		{ED004C04-1D73-4C97-B74A-85BB60C77C3C}.Debug|Any CPU.Build.0 = Debug|Any CPU
		{ED004C04-1D73-4C97-B74A-85BB60C77C3C}.Release|Any CPU.ActiveCfg = Release|Any CPU
		{ED004C04-1D73-4C97-B74A-85BB60C77C3C}.Release|Any CPU.Build.0 = Release|Any CPU
		{8CEFD4B5-F877-482F-9DD8-3EA720B6E06A}.Debug|Any CPU.ActiveCfg = Debug|Any CPU
		{8CEFD4B5-F877-482F-9DD8-3EA720B6E06A}.Debug|Any CPU.Build.0 = Debug|Any CPU
		{8CEFD4B5-F877-482F-9DD8-3EA720B6E06A}.Release|Any CPU.ActiveCfg = Release|Any CPU
		{8CEFD4B5-F877-482F-9DD8-3EA720B6E06A}.Release|Any CPU.Build.0 = Release|Any CPU
	EndGlobalSection
	GlobalSection(SolutionProperties) = preSolution
		HideSolutionNode = FALSE
	EndGlobalSection
	GlobalSection(ExtensibilityGlobals) = postSolution
		SolutionGuid = {B641EC4B-DFB5-4F12-B25E-46FB7989D5AF}
	EndGlobalSection
EndGlobal
